
Microsoft Visual Studio Solution File, Format Version 12.00
# Visual Studio Version 16
VisualStudioVersion = 16.0.31624.102
MinimumVisualStudioVersion = 10.0.40219.1
Project("{8BC9CEB8-8B4A-11D0-8D11-00A0C91BC942}") = "ArrayStatic2", "array2\array2.vcxproj", "{98D4D080-80EE-4D57-B8F3-4CBE9466AA3E}"
EndProject
Project("{8BC9CEB8-8B4A-11D0-8D11-00A0C91BC942}") = "ArrayDinamic2", "ArrayDinamic\ArrayDinamic.vcxproj", "{A95A2D78-475A-463C-889B-3DF2F2C03DCC}"
EndProject
Project("{8BC9CEB8-8B4A-11D0-8D11-00A0C91BC942}") = "Vector2", "Vector2\Vector2.vcxproj", "{774371D7-01CB-47C2-932E-890766E4DE65}"
EndProject
Global
	GlobalSection(SolutionConfigurationPlatforms) = preSolution
		Debug|x64 = Debug|x64
		Debug|x86 = Debug|x86
		Release|x64 = Release|x64
		Release|x86 = Release|x86
	EndGlobalSection
	GlobalSection(ProjectConfigurationPlatforms) = postSolution
		{98D4D080-80EE-4D57-B8F3-4CBE9466AA3E}.Debug|x64.ActiveCfg = Debug|x64
		{98D4D080-80EE-4D57-B8F3-4CBE9466AA3E}.Debug|x64.Build.0 = Debug|x64
		{98D4D080-80EE-4D57-B8F3-4CBE9466AA3E}.Debug|x86.ActiveCfg = Debug|Win32
		{98D4D080-80EE-4D57-B8F3-4CBE9466AA3E}.Debug|x86.Build.0 = Debug|Win32
		{98D4D080-80EE-4D57-B8F3-4CBE9466AA3E}.Release|x64.ActiveCfg = Release|x64
		{98D4D080-80EE-4D57-B8F3-4CBE9466AA3E}.Release|x64.Build.0 = Release|x64
		{98D4D080-80EE-4D57-B8F3-4CBE9466AA3E}.Release|x86.ActiveCfg = Release|Win32
		{98D4D080-80EE-4D57-B8F3-4CBE9466AA3E}.Release|x86.Build.0 = Release|Win32
		{A95A2D78-475A-463C-889B-3DF2F2C03DCC}.Debug|x64.ActiveCfg = Debug|x64
		{A95A2D78-475A-463C-889B-3DF2F2C03DCC}.Debug|x64.Build.0 = Debug|x64
		{A95A2D78-475A-463C-889B-3DF2F2C03DCC}.Debug|x86.ActiveCfg = Debug|Win32
		{A95A2D78-475A-463C-889B-3DF2F2C03DCC}.Debug|x86.Build.0 = Debug|Win32
		{A95A2D78-475A-463C-889B-3DF2F2C03DCC}.Release|x64.ActiveCfg = Release|x64
		{A95A2D78-475A-463C-889B-3DF2F2C03DCC}.Release|x64.Build.0 = Release|x64
		{A95A2D78-475A-463C-889B-3DF2F2C03DCC}.Release|x86.ActiveCfg = Release|Win32
		{A95A2D78-475A-463C-889B-3DF2F2C03DCC}.Release|x86.Build.0 = Release|Win32
		{774371D7-01CB-47C2-932E-890766E4DE65}.Debug|x64.ActiveCfg = Debug|x64
		{774371D7-01CB-47C2-932E-890766E4DE65}.Debug|x64.Build.0 = Debug|x64
		{774371D7-01CB-47C2-932E-890766E4DE65}.Debug|x86.ActiveCfg = Debug|Win32
		{774371D7-01CB-47C2-932E-890766E4DE65}.Debug|x86.Build.0 = Debug|Win32
		{774371D7-01CB-47C2-932E-890766E4DE65}.Release|x64.ActiveCfg = Release|x64
		{774371D7-01CB-47C2-932E-890766E4DE65}.Release|x64.Build.0 = Release|x64
		{774371D7-01CB-47C2-932E-890766E4DE65}.Release|x86.ActiveCfg = Release|Win32
		{774371D7-01CB-47C2-932E-890766E4DE65}.Release|x86.Build.0 = Release|Win32
	EndGlobalSection
	GlobalSection(SolutionProperties) = preSolution
		HideSolutionNode = FALSE
	EndGlobalSection
	GlobalSection(ExtensibilityGlobals) = postSolution
		SolutionGuid = {B30B4886-1CB9-470A-91A9-1A385C39E985}
	EndGlobalSection
EndGlobal
